// !$*UTF8*$!
{
	archiveVersion = 1;
	classes = {
	};
	objectVersion = 46;
	objects = {

/* Begin PBXBuildFile section */
		143031FB1DCD05A400DB2A9A /* main.m in Sources */ = {isa = PBXBuildFile; fileRef = 143031FA1DCD05A400DB2A9A /* main.m */; };
		143032031DCD086E00DB2A9A /* InputHandler.m in Sources */ = {isa = PBXBuildFile; fileRef = 143032021DCD086E00DB2A9A /* InputHandler.m */; };
		143032061DCD0BA200DB2A9A /* PaymentGateway.m in Sources */ = {isa = PBXBuildFile; fileRef = 143032051DCD0BA200DB2A9A /* PaymentGateway.m */; };
		143032091DCD0D6200DB2A9A /* PaypalPaymentService.m in Sources */ = {isa = PBXBuildFile; fileRef = 143032081DCD0D6200DB2A9A /* PaypalPaymentService.m */; };
		1430320C1DCD0D6F00DB2A9A /* StripePaymentService.m in Sources */ = {isa = PBXBuildFile; fileRef = 1430320B1DCD0D6F00DB2A9A /* StripePaymentService.m */; };
		1430320F1DCD0D7E00DB2A9A /* AmazonPaymentService.m in Sources */ = {isa = PBXBuildFile; fileRef = 1430320E1DCD0D7E00DB2A9A /* AmazonPaymentService.m */; };
/* End PBXBuildFile section */

/* Begin PBXCopyFilesBuildPhase section */
		143031F51DCD05A400DB2A9A /* CopyFiles */ = {
			isa = PBXCopyFilesBuildPhase;
			buildActionMask = 2147483647;
			dstPath = /usr/share/man/man1/;
			dstSubfolderSpec = 0;
			files = (
			);
			runOnlyForDeploymentPostprocessing = 1;
		};
/* End PBXCopyFilesBuildPhase section */

/* Begin PBXFileReference section */
		143031F71DCD05A400DB2A9A /* PaymentsApp */ = {isa = PBXFileReference; explicitFileType = "compiled.mach-o.executable"; includeInIndex = 0; path = PaymentsApp; sourceTree = BUILT_PRODUCTS_DIR; };
		143031FA1DCD05A400DB2A9A /* main.m */ = {isa = PBXFileReference; lastKnownFileType = sourcecode.c.objc; path = main.m; sourceTree = "<group>"; };
		143032011DCD086E00DB2A9A /* InputHandler.h */ = {isa = PBXFileReference; fileEncoding = 4; lastKnownFileType = sourcecode.c.h; path = InputHandler.h; sourceTree = "<group>"; };
		143032021DCD086E00DB2A9A /* InputHandler.m */ = {isa = PBXFileReference; fileEncoding = 4; lastKnownFileType = sourcecode.c.objc; path = InputHandler.m; sourceTree = "<group>"; };
		143032041DCD0BA200DB2A9A /* PaymentGateway.h */ = {isa = PBXFileReference; fileEncoding = 4; lastKnownFileType = sourcecode.c.h; path = PaymentGateway.h; sourceTree = "<group>"; };
		143032051DCD0BA200DB2A9A /* PaymentGateway.m */ = {isa = PBXFileReference; fileEncoding = 4; lastKnownFileType = sourcecode.c.objc; path = PaymentGateway.m; sourceTree = "<group>"; };
		143032071DCD0D6200DB2A9A /* PaypalPaymentService.h */ = {isa = PBXFileReference; fileEncoding = 4; lastKnownFileType = sourcecode.c.h; path = PaypalPaymentService.h; sourceTree = "<group>"; };
		143032081DCD0D6200DB2A9A /* PaypalPaymentService.m */ = {isa = PBXFileReference; fileEncoding = 4; lastKnownFileType = sourcecode.c.objc; path = PaypalPaymentService.m; sourceTree = "<group>"; };
		1430320A1DCD0D6F00DB2A9A /* StripePaymentService.h */ = {isa = PBXFileReference; fileEncoding = 4; lastKnownFileType = sourcecode.c.h; path = StripePaymentService.h; sourceTree = "<group>"; };
		1430320B1DCD0D6F00DB2A9A /* StripePaymentService.m */ = {isa = PBXFileReference; fileEncoding = 4; lastKnownFileType = sourcecode.c.objc; path = StripePaymentService.m; sourceTree = "<group>"; };
		1430320D1DCD0D7E00DB2A9A /* AmazonPaymentService.h */ = {isa = PBXFileReference; fileEncoding = 4; lastKnownFileType = sourcecode.c.h; path = AmazonPaymentService.h; sourceTree = "<group>"; };
		1430320E1DCD0D7E00DB2A9A /* AmazonPaymentService.m */ = {isa = PBXFileReference; fileEncoding = 4; lastKnownFileType = sourcecode.c.objc; path = AmazonPaymentService.m; sourceTree = "<group>"; };
/* End PBXFileReference section */

/* Begin PBXFrameworksBuildPhase section */
		143031F41DCD05A400DB2A9A /* Frameworks */ = {
			isa = PBXFrameworksBuildPhase;
			buildActionMask = 2147483647;
			files = (
			);
			runOnlyForDeploymentPostprocessing = 0;
		};
/* End PBXFrameworksBuildPhase section */

/* Begin PBXGroup section */
		143031EE1DCD05A400DB2A9A = {
			isa = PBXGroup;
			children = (
				143031F91DCD05A400DB2A9A /* PaymentsApp */,
				143031F81DCD05A400DB2A9A /* Products */,
			);
			sourceTree = "<group>";
		};
		143031F81DCD05A400DB2A9A /* Products */ = {
			isa = PBXGroup;
			children = (
				143031F71DCD05A400DB2A9A /* PaymentsApp */,
			);
			name = Products;
			sourceTree = "<group>";
		};
		143031F91DCD05A400DB2A9A /* PaymentsApp */ = {
			isa = PBXGroup;
			children = (
				143031FA1DCD05A400DB2A9A /* main.m */,
				143032011DCD086E00DB2A9A /* InputHandler.h */,
				143032021DCD086E00DB2A9A /* InputHandler.m */,
				143032041DCD0BA200DB2A9A /* PaymentGateway.h */,
				143032051DCD0BA200DB2A9A /* PaymentGateway.m */,
				143032071DCD0D6200DB2A9A /* PaypalPaymentService.h */,
				143032081DCD0D6200DB2A9A /* PaypalPaymentService.m */,
				1430320A1DCD0D6F00DB2A9A /* StripePaymentService.h */,
				1430320B1DCD0D6F00DB2A9A /* StripePaymentService.m */,
				1430320D1DCD0D7E00DB2A9A /* AmazonPaymentService.h */,
				1430320E1DCD0D7E00DB2A9A /* AmazonPaymentService.m */,
			);
			path = PaymentsApp;
			sourceTree = "<group>";
		};
/* End PBXGroup section */

/* Begin PBXNativeTarget section */
		143031F61DCD05A400DB2A9A /* PaymentsApp */ = {
			isa = PBXNativeTarget;
			buildConfigurationList = 143031FE1DCD05A400DB2A9A /* Build configuration list for PBXNativeTarget "PaymentsApp" */;
			buildPhases = (
				143031F31DCD05A400DB2A9A /* Sources */,
				143031F41DCD05A400DB2A9A /* Frameworks */,
				143031F51DCD05A400DB2A9A /* CopyFiles */,
			);
			buildRules = (
			);
			dependencies = (
			);
			name = PaymentsApp;
			productName = PaymentsApp;
			productReference = 143031F71DCD05A400DB2A9A /* PaymentsApp */;
			productType = "com.apple.product-type.tool";
		};
/* End PBXNativeTarget section */

/* Begin PBXProject section */
		143031EF1DCD05A400DB2A9A /* Project object */ = {
			isa = PBXProject;
			attributes = {
				LastUpgradeCheck = 0730;
				ORGANIZATIONNAME = suvanr;
				TargetAttributes = {
					143031F61DCD05A400DB2A9A = {
						CreatedOnToolsVersion = 7.3;
					};
				};
			};
			buildConfigurationList = 143031F21DCD05A400DB2A9A /* Build configuration list for PBXProject "PaymentsApp" */;
			compatibilityVersion = "Xcode 3.2";
			developmentRegion = English;
			hasScannedForEncodings = 0;
			knownRegions = (
				en,
			);
			mainGroup = 143031EE1DCD05A400DB2A9A;
			productRefGroup = 143031F81DCD05A400DB2A9A /* Products */;
			projectDirPath = "";
			projectRoot = "";
			targets = (
				143031F61DCD05A400DB2A9A /* PaymentsApp */,
			);
		};
/* End PBXProject section */

/* Begin PBXSourcesBuildPhase section */
		143031F31DCD05A400DB2A9A /* Sources */ = {
			isa = PBXSourcesBuildPhase;
			buildActionMask = 2147483647;
			files = (
				1430320F1DCD0D7E00DB2A9A /* AmazonPaymentService.m in Sources */,
				1430320C1DCD0D6F00DB2A9A /* StripePaymentService.m in Sources */,
				143032061DCD0BA200DB2A9A /* PaymentGateway.m in Sources */,
				143031FB1DCD05A400DB2A9A /* main.m in Sources */,
				143032031DCD086E00DB2A9A /* InputHandler.m in Sources */,
				143032091DCD0D6200DB2A9A /* PaypalPaymentService.m in Sources */,
			);
			runOnlyForDeploymentPostprocessing = 0;
		};
/* End PBXSourcesBuildPhase section */

/* Begin XCBuildConfiguration section */
		143031FC1DCD05A400DB2A9A /* Debug */ = {
			isa = XCBuildConfiguration;
			buildSettings = {
				ALWAYS_SEARCH_USER_PATHS = NO;
				CLANG_ANALYZER_NONNULL = YES;
				CLANG_CXX_LANGUAGE_STANDARD = "gnu++0x";
				CLANG_CXX_LIBRARY = "libc++";
				CLANG_ENABLE_MODULES = YES;
				CLANG_ENABLE_OBJC_ARC = YES;
				CLANG_WARN_BOOL_CONVERSION = YES;
				CLANG_WARN_CONSTANT_CONVERSION = YES;
				CLANG_WARN_DIRECT_OBJC_ISA_USAGE = YES_ERROR;
				CLANG_WARN_EMPTY_BODY = YES;
				CLANG_WARN_ENUM_CONVERSION = YES;
				CLANG_WARN_INT_CONVERSION = YES;
				CLANG_WARN_OBJC_ROOT_CLASS = YES_ERROR;
				CLANG_WARN_UNREACHABLE_CODE = YES;
				CLANG_WARN__DUPLICATE_METHOD_MATCH = YES;
				CODE_SIGN_IDENTITY = "-";
				COPY_PHASE_STRIP = NO;
				DEBUG_INFORMATION_FORMAT = dwarf;
				ENABLE_STRICT_OBJC_MSGSEND = YES;
				ENABLE_TESTABILITY = YES;
				GCC_C_LANGUAGE_STANDARD = gnu99;
				GCC_DYNAMIC_NO_PIC = NO;
				GCC_NO_COMMON_BLOCKS = YES;
				GCC_OPTIMIZATION_LEVEL = 0;
				GCC_PREPROCESSOR_DEFINITIONS = (
					"DEBUG=1",
					"$(inherited)",
				);
				GCC_WARN_64_TO_32_BIT_CONVERSION = YES;
				GCC_WARN_ABOUT_RETURN_TYPE = YES_ERROR;
				GCC_WARN_UNDECLARED_SELECTOR = YES;
				GCC_WARN_UNINITIALIZED_AUTOS = YES_AGGRESSIVE;
				GCC_WARN_UNUSED_FUNCTION = YES;
				GCC_WARN_UNUSED_VARIABLE = YES;
				MACOSX_DEPLOYMENT_TARGET = 10.11;
				MTL_ENABLE_DEBUG_INFO = YES;
				ONLY_ACTIVE_ARCH = YES;
				SDKROOT = macosx;
			};
			name = Debug;
		};
		143031FD1DCD05A400DB2A9A /* Release */ = {
			isa = XCBuildConfiguration;
			buildSettings = {
				ALWAYS_SEARCH_USER_PATHS = NO;
				CLANG_ANALYZER_NONNULL = YES;
				CLANG_CXX_LANGUAGE_STANDARD = "gnu++0x";
				CLANG_CXX_LIBRARY = "libc++";
				CLANG_ENABLE_MODULES = YES;
				CLANG_ENABLE_OBJC_ARC = YES;
				CLANG_WARN_BOOL_CONVERSION = YES;
				CLANG_WARN_CONSTANT_CONVERSION = YES;
				CLANG_WARN_DIRECT_OBJC_ISA_USAGE = YES_ERROR;
				CLANG_WARN_EMPTY_BODY = YES;
				CLANG_WARN_ENUM_CONVERSION = YES;
				CLANG_WARN_INT_CONVERSION = YES;
				CLANG_WARN_OBJC_ROOT_CLASS = YES_ERROR;
				CLANG_WARN_UNREACHABLE_CODE = YES;
				CLANG_WARN__DUPLICATE_METHOD_MATCH = YES;
				CODE_SIGN_IDENTITY = "-";
				COPY_PHASE_STRIP = NO;
				DEBUG_INFORMATION_FORMAT = "dwarf-with-dsym";
				ENABLE_NS_ASSERTIONS = NO;
				ENABLE_STRICT_OBJC_MSGSEND = YES;
				GCC_C_LANGUAGE_STANDARD = gnu99;
				GCC_NO_COMMON_BLOCKS = YES;
				GCC_WARN_64_TO_32_BIT_CONVERSION = YES;
				GCC_WARN_ABOUT_RETURN_TYPE = YES_ERROR;
				GCC_WARN_UNDECLARED_SELECTOR = YES;
				GCC_WARN_UNINITIALIZED_AUTOS = YES_AGGRESSIVE;
				GCC_WARN_UNUSED_FUNCTION = YES;
				GCC_WARN_UNUSED_VARIABLE = YES;
				MACOSX_DEPLOYMENT_TARGET = 10.11;
				MTL_ENABLE_DEBUG_INFO = NO;
				SDKROOT = macosx;
			};
			name = Release;
		};
		143031FF1DCD05A400DB2A9A /* Debug */ = {
			isa = XCBuildConfiguration;
			buildSettings = {
				PRODUCT_NAME = "$(TARGET_NAME)";
			};
			name = Debug;
		};
		143032001DCD05A400DB2A9A /* Release */ = {
			isa = XCBuildConfiguration;
			buildSettings = {
				PRODUCT_NAME = "$(TARGET_NAME)";
			};
			name = Release;
		};
/* End XCBuildConfiguration section */

/* Begin XCConfigurationList section */
		143031F21DCD05A400DB2A9A /* Build configuration list for PBXProject "PaymentsApp" */ = {
			isa = XCConfigurationList;
			buildConfigurations = (
				143031FC1DCD05A400DB2A9A /* Debug */,
				143031FD1DCD05A400DB2A9A /* Release */,
			);
			defaultConfigurationIsVisible = 0;
			defaultConfigurationName = Release;
		};
		143031FE1DCD05A400DB2A9A /* Build configuration list for PBXNativeTarget "PaymentsApp" */ = {
			isa = XCConfigurationList;
			buildConfigurations = (
				143031FF1DCD05A400DB2A9A /* Debug */,
				143032001DCD05A400DB2A9A /* Release */,
			);
			defaultConfigurationIsVisible = 0;
		};
/* End XCConfigurationList section */
	};
	rootObject = 143031EF1DCD05A400DB2A9A /* Project object */;
}
